
Microsoft Visual Studio Solution File, Format Version 12.00
# Visual Studio Version 17
VisualStudioVersion = 17.10.34902.84
MinimumVisualStudioVersion = 10.0.40219.1
Project("{FAE04EC0-301F-11D3-BF4B-00C04F79EFBC}") = "Api", "Api\Api.csproj", "{63717035-FE49-4AA3-B308-C9268DF21C69}"
EndProject
Project("{2150E333-8FDC-42A3-9474-1A3956D46DE8}") = "Application", "Application", "{1789A31A-59A9-4438-9A1D-6D6C678BB0B3}"
EndProject
Project("{FAE04EC0-301F-11D3-BF4B-00C04F79EFBC}") = "Postgresql", "Postgresql\Postgresql.csproj", "{48C6FADA-48F0-4864-ADC2-0C6A92BB0DE7}"
EndProject
Global
	GlobalSection(SolutionConfigurationPlatforms) = preSolution
		Debug|Any CPU = Debug|Any CPU
		Release|Any CPU = Release|Any CPU
	EndGlobalSection
	GlobalSection(ProjectConfigurationPlatforms) = postSolution
		{63717035-FE49-4AA3-B308-C9268DF21C69}.Debug|Any CPU.ActiveCfg = Debug|Any CPU
		{63717035-FE49-4AA3-B308-C9268DF21C69}.Debug|Any CPU.Build.0 = Debug|Any CPU
		{63717035-FE49-4AA3-B308-C9268DF21C69}.Release|Any CPU.ActiveCfg = Release|Any CPU
		{63717035-FE49-4AA3-B308-C9268DF21C69}.Release|Any CPU.Build.0 = Release|Any CPU
		{48C6FADA-48F0-4864-ADC2-0C6A92BB0DE7}.Debug|Any CPU.ActiveCfg = Debug|Any CPU
		{48C6FADA-48F0-4864-ADC2-0C6A92BB0DE7}.Debug|Any CPU.Build.0 = Debug|Any CPU
		{48C6FADA-48F0-4864-ADC2-0C6A92BB0DE7}.Release|Any CPU.ActiveCfg = Release|Any CPU
		{48C6FADA-48F0-4864-ADC2-0C6A92BB0DE7}.Release|Any CPU.Build.0 = Release|Any CPU
	EndGlobalSection
	GlobalSection(SolutionProperties) = preSolution
		HideSolutionNode = FALSE
	EndGlobalSection
	GlobalSection(NestedProjects) = preSolution
		{48C6FADA-48F0-4864-ADC2-0C6A92BB0DE7} = {1789A31A-59A9-4438-9A1D-6D6C678BB0B3}
	EndGlobalSection
	GlobalSection(ExtensibilityGlobals) = postSolution
		SolutionGuid = {6EB978B9-9F74-4EFA-892A-B2BFCDBE9368}
	EndGlobalSection
EndGlobal
